
Microsoft Visual Studio Solution File, Format Version 12.00
# Visual Studio Version 17
VisualStudioVersion = 17.6.33815.320
MinimumVisualStudioVersion = 10.0.40219.1
Project("{FAE04EC0-301F-11D3-BF4B-00C04F79EFBC}") = "WindowsFormsApp", "WindowsFormsApp\WindowsFormsApp.csproj", "{1D9E9FDE-13A7-4BD2-800B-FBE5D112EA75}"
EndProject
Global
	GlobalSection(SolutionConfigurationPlatforms) = preSolution
		Debug|Any CPU = Debug|Any CPU
		Debug|ARM64 = Debug|ARM64
		Debug|x64 = Debug|x64
		Release|Any CPU = Release|Any CPU
		Release|ARM64 = Release|ARM64
		Release|x64 = Release|x64
	EndGlobalSection
	GlobalSection(ProjectConfigurationPlatforms) = postSolution
		{1D9E9FDE-13A7-4BD2-800B-FBE5D112EA75}.Debug|Any CPU.ActiveCfg = Debug|Any CPU
		{1D9E9FDE-13A7-4BD2-800B-FBE5D112EA75}.Debug|Any CPU.Build.0 = Debug|Any CPU
		{1D9E9FDE-13A7-4BD2-800B-FBE5D112EA75}.Debug|ARM64.ActiveCfg = Debug|Any CPU
		{1D9E9FDE-13A7-4BD2-800B-FBE5D112EA75}.Debug|ARM64.Build.0 = Debug|Any CPU
		{1D9E9FDE-13A7-4BD2-800B-FBE5D112EA75}.Debug|x64.ActiveCfg = Debug|x64
		{1D9E9FDE-13A7-4BD2-800B-FBE5D112EA75}.Debug|x64.Build.0 = Debug|x64
		{1D9E9FDE-13A7-4BD2-800B-FBE5D112EA75}.Release|Any CPU.ActiveCfg = Release|Any CPU
		{1D9E9FDE-13A7-4BD2-800B-FBE5D112EA75}.Release|Any CPU.Build.0 = Release|Any CPU
		{1D9E9FDE-13A7-4BD2-800B-FBE5D112EA75}.Release|ARM64.ActiveCfg = Release|ARM64
		{1D9E9FDE-13A7-4BD2-800B-FBE5D112EA75}.Release|ARM64.Build.0 = Release|ARM64
		{1D9E9FDE-13A7-4BD2-800B-FBE5D112EA75}.Release|x64.ActiveCfg = Release|x64
		{1D9E9FDE-13A7-4BD2-800B-FBE5D112EA75}.Release|x64.Build.0 = Release|x64
	EndGlobalSection
	GlobalSection(SolutionProperties) = preSolution
		HideSolutionNode = FALSE
	EndGlobalSection
	GlobalSection(ExtensibilityGlobals) = postSolution
		SolutionGuid = {31B94AC2-651C-412C-92D5-75FC1DCC0323}
	EndGlobalSection
EndGlobal
